# This file is automatically @generated by Cargo.
# It is not intended for manual editing.
version = 3

[[package]]
name = "ansi-escapes"
version = "0.1.1"
source = "registry+https://github.com/rust-lang/crates.io-index"
checksum = "7e3c0daaaae24df5995734b689627f8fa02101bc5bbc768be3055b66a010d7af"

[[package]]
name = "colorful"
version = "0.2.2"
source = "registry+https://github.com/rust-lang/crates.io-index"
checksum = "97af0562545a7d7f3d9222fcf909963bec36dcb502afaacab98c6ffac8da47ce"

[[package]]
name = "libc"
version = "0.2.139"
source = "registry+https://github.com/rust-lang/crates.io-index"
checksum = "201de327520df007757c1f0adce6e827fe8562fbc28bfd9c15571c66ca1f5f79"

[[package]]
name = "sudo-askpass"
version = "0.1.0"
dependencies = [
 "ansi-escapes",
 "colorful",
 "termios",
]

[[package]]
name = "termios"
version = "0.3.3"
source = "registry+https://github.com/rust-lang/crates.io-index"
checksum = "411c5bf740737c7918b8b1fe232dca4dc9f8e754b8ad5e20966814001ed0ac6b"
dependencies = [
 "libc",
]
